
Microsoft Visual Studio Solution File, Format Version 12.00
# Visual Studio Version 16
VisualStudioVersion = 16.0.31019.35
MinimumVisualStudioVersion = 10.0.40219.1
Project("{FAE04EC0-301F-11D3-BF4B-00C04F79EFBC}") = "Tarkov price check app.Android", "Tarkov price check app\Tarkov price check app.Android\Tarkov price check app.Android.csproj", "{2C85F7A3-B472-48AF-B50A-CE1079A66102}"
EndProject
Project("{FAE04EC0-301F-11D3-BF4B-00C04F79EFBC}") = "Tarkov price check app", "Tarkov price check app\Tarkov price check app\Tarkov price check app.csproj", "{1C6A6DB3-D7CF-4E4A-808E-0920F55A0595}"
EndProject
Global
	GlobalSection(SolutionConfigurationPlatforms) = preSolution
		Debug|Any CPU = Debug|Any CPU
		Release|Any CPU = Release|Any CPU
	EndGlobalSection
	GlobalSection(ProjectConfigurationPlatforms) = postSolution
		{2C85F7A3-B472-48AF-B50A-CE1079A66102}.Debug|Any CPU.ActiveCfg = Debug|Any CPU
		{2C85F7A3-B472-48AF-B50A-CE1079A66102}.Debug|Any CPU.Build.0 = Debug|Any CPU
		{2C85F7A3-B472-48AF-B50A-CE1079A66102}.Debug|Any CPU.Deploy.0 = Debug|Any CPU
		{2C85F7A3-B472-48AF-B50A-CE1079A66102}.Release|Any CPU.ActiveCfg = Release|Any CPU
		{2C85F7A3-B472-48AF-B50A-CE1079A66102}.Release|Any CPU.Build.0 = Release|Any CPU
		{2C85F7A3-B472-48AF-B50A-CE1079A66102}.Release|Any CPU.Deploy.0 = Release|Any CPU
		{1C6A6DB3-D7CF-4E4A-808E-0920F55A0595}.Debug|Any CPU.ActiveCfg = Debug|Any CPU
		{1C6A6DB3-D7CF-4E4A-808E-0920F55A0595}.Debug|Any CPU.Build.0 = Debug|Any CPU
		{1C6A6DB3-D7CF-4E4A-808E-0920F55A0595}.Debug|Any CPU.Deploy.0 = Debug|Any CPU
		{1C6A6DB3-D7CF-4E4A-808E-0920F55A0595}.Release|Any CPU.ActiveCfg = Release|Any CPU
		{1C6A6DB3-D7CF-4E4A-808E-0920F55A0595}.Release|Any CPU.Build.0 = Release|Any CPU
		{1C6A6DB3-D7CF-4E4A-808E-0920F55A0595}.Release|Any CPU.Deploy.0 = Release|Any CPU
	EndGlobalSection
	GlobalSection(SolutionProperties) = preSolution
		HideSolutionNode = FALSE
	EndGlobalSection
	GlobalSection(ExtensibilityGlobals) = postSolution
		SolutionGuid = {6A9DFD35-1C84-4689-B57D-2EBDA1DBA46B}
	EndGlobalSection
EndGlobal
